// !$*UTF8*$!
{
	archiveVersion = 1;
	classes = {
	};
	objectVersion = 50;
	objects = {

/* Begin PBXBuildFile section */
		12D4062B22E02C8C00EC67B4 /* gameData.json in Resources */ = {isa = PBXBuildFile; fileRef = 12D4062A22E02C8C00EC67B4 /* gameData.json */; };
		12D4062E22E15A1900EC67B4 /* gameRule.swift in Sources */ = {isa = PBXBuildFile; fileRef = 12D4062D22E15A1900EC67B4 /* gameRule.swift */; };
		12D4063122E15DD700EC67B4 /* gameRuleCtrl.swift in Sources */ = {isa = PBXBuildFile; fileRef = 12D4063022E15DD700EC67B4 /* gameRuleCtrl.swift */; };
		12DCBB1622D83276007E1469 /* AppDelegate.swift in Sources */ = {isa = PBXBuildFile; fileRef = 12DCBB1522D83276007E1469 /* AppDelegate.swift */; };
		12DCBB1822D83276007E1469 /* GameScene.sks in Resources */ = {isa = PBXBuildFile; fileRef = 12DCBB1722D83276007E1469 /* GameScene.sks */; };
		12DCBB1A22D83276007E1469 /* Actions.sks in Resources */ = {isa = PBXBuildFile; fileRef = 12DCBB1922D83276007E1469 /* Actions.sks */; };
		12DCBB1C22D83276007E1469 /* GameScene.swift in Sources */ = {isa = PBXBuildFile; fileRef = 12DCBB1B22D83276007E1469 /* GameScene.swift */; };
		12DCBB1E22D83276007E1469 /* GameViewController.swift in Sources */ = {isa = PBXBuildFile; fileRef = 12DCBB1D22D83276007E1469 /* GameViewController.swift */; };
		12DCBB2122D83276007E1469 /* Main.storyboard in Resources */ = {isa = PBXBuildFile; fileRef = 12DCBB1F22D83276007E1469 /* Main.storyboard */; };
		12DCBB2322D83276007E1469 /* Assets.xcassets in Resources */ = {isa = PBXBuildFile; fileRef = 12DCBB2222D83276007E1469 /* Assets.xcassets */; };
		12DCBB2622D83276007E1469 /* LaunchScreen.storyboard in Resources */ = {isa = PBXBuildFile; fileRef = 12DCBB2422D83276007E1469 /* LaunchScreen.storyboard */; };
		12DCBB3B22D839F2007E1469 /* KanbanBoardScene.sks in Resources */ = {isa = PBXBuildFile; fileRef = 12DCBB3A22D839F2007E1469 /* KanbanBoardScene.sks */; };
		12DCBB3D22D83A04007E1469 /* KanbanBoardScene.swift in Sources */ = {isa = PBXBuildFile; fileRef = 12DCBB3C22D83A04007E1469 /* KanbanBoardScene.swift */; };
		12DCBB4022DB0DD5007E1469 /* StageScene.sks in Resources */ = {isa = PBXBuildFile; fileRef = 12DCBB3F22DB0DD5007E1469 /* StageScene.sks */; };
		12DCBB4222DB0DE5007E1469 /* StageScene.swift in Sources */ = {isa = PBXBuildFile; fileRef = 12DCBB4122DB0DE5007E1469 /* StageScene.swift */; };
		12DCBB4522DB2796007E1469 /* PreGameScene.sks in Resources */ = {isa = PBXBuildFile; fileRef = 12DCBB4422DB2796007E1469 /* PreGameScene.sks */; };
		12DCBB4722DB27A2007E1469 /* PreGameScene.swift in Sources */ = {isa = PBXBuildFile; fileRef = 12DCBB4622DB27A2007E1469 /* PreGameScene.swift */; };
		12DCBB4A22DB28E1007E1469 /* GamePlayScene.sks in Resources */ = {isa = PBXBuildFile; fileRef = 12DCBB4922DB28E1007E1469 /* GamePlayScene.sks */; };
		12DCBB4C22DB28F2007E1469 /* GamePlayScene.swift in Sources */ = {isa = PBXBuildFile; fileRef = 12DCBB4B22DB28F2007E1469 /* GamePlayScene.swift */; };
		12DCBB5022DB2DDB007E1469 /* AfterGameScene.sks in Resources */ = {isa = PBXBuildFile; fileRef = 12DCBB4F22DB2DDB007E1469 /* AfterGameScene.sks */; };
		12DCBB5222DB2DEA007E1469 /* AfterGameScene.swift in Sources */ = {isa = PBXBuildFile; fileRef = 12DCBB5122DB2DEA007E1469 /* AfterGameScene.swift */; };
		12DCBB5522DB3136007E1469 /* UpgradeShopScene.sks in Resources */ = {isa = PBXBuildFile; fileRef = 12DCBB5422DB3136007E1469 /* UpgradeShopScene.sks */; };
		12DCBB5722DB3153007E1469 /* UpgradeShopScene.swift in Sources */ = {isa = PBXBuildFile; fileRef = 12DCBB5622DB3153007E1469 /* UpgradeShopScene.swift */; };
		BE35BF9622DEFC9A00763A7D /* TutorialSceneOne.sks in Resources */ = {isa = PBXBuildFile; fileRef = BE35BF9522DEFC9A00763A7D /* TutorialSceneOne.sks */; };
		BE35BF9922DEFCBB00763A7D /* TutorialSceneOne.swift in Sources */ = {isa = PBXBuildFile; fileRef = BE35BF9822DEFCBB00763A7D /* TutorialSceneOne.swift */; };
		BE3B63A622DD7CE900E9D339 /* FinishGame.sks in Resources */ = {isa = PBXBuildFile; fileRef = BE3B63A522DD7CE900E9D339 /* FinishGame.sks */; };
		BE3B63A822DD7CF700E9D339 /* FinishGame.swift in Sources */ = {isa = PBXBuildFile; fileRef = BE3B63A722DD7CF700E9D339 /* FinishGame.swift */; };
		DBC7140222DF32D9000A089B /* Main Menu AoP.mp3 in Resources */ = {isa = PBXBuildFile; fileRef = DBC7140122DF32D9000A089B /* Main Menu AoP.mp3 */; };
		DBC7140422DF3D4E000A089B /* Fanch Developer Team.png in Resources */ = {isa = PBXBuildFile; fileRef = DBC7140322DF3D4D000A089B /* Fanch Developer Team.png */; };
		DBC7140B22E010D3000A089B /* Devina.png in Resources */ = {isa = PBXBuildFile; fileRef = DBC7140522E010D3000A089B /* Devina.png */; };
		DBC7140C22E010D3000A089B /* Sen.png in Resources */ = {isa = PBXBuildFile; fileRef = DBC7140622E010D3000A089B /* Sen.png */; };
		DBC7140D22E010D3000A089B /* Agnes.png in Resources */ = {isa = PBXBuildFile; fileRef = DBC7140722E010D3000A089B /* Agnes.png */; };
		DBC7140E22E010D3000A089B /* Clieff.png in Resources */ = {isa = PBXBuildFile; fileRef = DBC7140822E010D3000A089B /* Clieff.png */; };
		DBC7140F22E010D3000A089B /* Pav.png in Resources */ = {isa = PBXBuildFile; fileRef = DBC7140922E010D3000A089B /* Pav.png */; };
		DBC7141022E010D3000A089B /* Aurel.png in Resources */ = {isa = PBXBuildFile; fileRef = DBC7140A22E010D3000A089B /* Aurel.png */; };
		DBC7141722E172A7000A089B /* Loading1.jpg in Resources */ = {isa = PBXBuildFile; fileRef = DBC7141422E172A6000A089B /* Loading1.jpg */; };
		DBC7141822E172A7000A089B /* Loading3.jpg in Resources */ = {isa = PBXBuildFile; fileRef = DBC7141522E172A6000A089B /* Loading3.jpg */; };
		DBC7141922E172A7000A089B /* Loading2.jpg in Resources */ = {isa = PBXBuildFile; fileRef = DBC7141622E172A7000A089B /* Loading2.jpg */; };
		DBC7141B22E1BA62000A089B /* Select Team.png in Resources */ = {isa = PBXBuildFile; fileRef = DBC7141A22E1BA62000A089B /* Select Team.png */; };
		DBC7141E22E3323D000A089B /* EmployeeSelectScene.swift in Sources */ = {isa = PBXBuildFile; fileRef = DBC7141D22E3323D000A089B /* EmployeeSelectScene.swift */; };
		DBC7142022E3325A000A089B /* EmployeeSelectScene.sks in Resources */ = {isa = PBXBuildFile; fileRef = DBC7141F22E3325A000A089B /* EmployeeSelectScene.sks */; };
		DBC7142222E3384F000A089B /* Click.mp3 in Resources */ = {isa = PBXBuildFile; fileRef = DBC7142122E3384E000A089B /* Click.mp3 */; };
		DBC7142422E386F1000A089B /* Ingame.mp3 in Resources */ = {isa = PBXBuildFile; fileRef = DBC7142322E386F1000A089B /* Ingame.mp3 */; };
		DBC7142622E3AEB4000A089B /* Pause-Button.png in Resources */ = {isa = PBXBuildFile; fileRef = DBC7142522E3AEB4000A089B /* Pause-Button.png */; };
		DBC7142822E56A98000A089B /* Plain-Black-Wallpaper.png in Resources */ = {isa = PBXBuildFile; fileRef = DBC7142722E56A98000A089B /* Plain-Black-Wallpaper.png */; };
		FE002FAB22DEF1F000C25719 /* Fox Grotesque Pro Italic.otf in Resources */ = {isa = PBXBuildFile; fileRef = FE002FA122DEF1F000C25719 /* Fox Grotesque Pro Italic.otf */; };
		FE002FAC22DEF1F000C25719 /* Fox Grotesque Pro Light Italic.otf in Resources */ = {isa = PBXBuildFile; fileRef = FE002FA222DEF1F000C25719 /* Fox Grotesque Pro Light Italic.otf */; };
		FE002FAD22DEF1F000C25719 /* Fox Grotesque Pro Bold.otf in Resources */ = {isa = PBXBuildFile; fileRef = FE002FA322DEF1F000C25719 /* Fox Grotesque Pro Bold.otf */; };
		FE002FAE22DEF1F000C25719 /* Fox Grotesque Pro Heavy Italic.otf in Resources */ = {isa = PBXBuildFile; fileRef = FE002FA422DEF1F000C25719 /* Fox Grotesque Pro Heavy Italic.otf */; };
		FE002FAF22DEF1F000C25719 /* Fox Grotesque Pro Thin.otf in Resources */ = {isa = PBXBuildFile; fileRef = FE002FA522DEF1F000C25719 /* Fox Grotesque Pro Thin.otf */; };
		FE002FB022DEF1F000C25719 /* Fox Grotesque Pro Thin Italic.otf in Resources */ = {isa = PBXBuildFile; fileRef = FE002FA622DEF1F000C25719 /* Fox Grotesque Pro Thin Italic.otf */; };
		FE002FB122DEF1F000C25719 /* Fox Grotesque Pro Light.otf in Resources */ = {isa = PBXBuildFile; fileRef = FE002FA722DEF1F000C25719 /* Fox Grotesque Pro Light.otf */; };
		FE002FB222DEF1F000C25719 /* Fox Grotesque Pro.otf in Resources */ = {isa = PBXBuildFile; fileRef = FE002FA822DEF1F000C25719 /* Fox Grotesque Pro.otf */; };
		FE002FB322DEF1F000C25719 /* Fox Grotesque Pro Heavy.otf in Resources */ = {isa = PBXBuildFile; fileRef = FE002FA922DEF1F000C25719 /* Fox Grotesque Pro Heavy.otf */; };
		FE002FB422DEF1F000C25719 /* Fox Grotesque Pro Bold Italic.otf in Resources */ = {isa = PBXBuildFile; fileRef = FE002FAA22DEF1F000C25719 /* Fox Grotesque Pro Bold Italic.otf */; };
		FEA8681822DC48D200E6C5FC /* LoadingScene.sks in Resources */ = {isa = PBXBuildFile; fileRef = FEA8681722DC48D200E6C5FC /* LoadingScene.sks */; };
		FEA8681C22DC491C00E6C5FC /* LoadingScene.swift in Sources */ = {isa = PBXBuildFile; fileRef = FEA8681B22DC491C00E6C5FC /* LoadingScene.swift */; };
		FEA8681F22DC494900E6C5FC /* LoadingGameScene.swift in Sources */ = {isa = PBXBuildFile; fileRef = FEA8681E22DC494900E6C5FC /* LoadingGameScene.swift */; };
		FEA8682122DC495500E6C5FC /* LoadingGameScene.sks in Resources */ = {isa = PBXBuildFile; fileRef = FEA8682022DC495500E6C5FC /* LoadingGameScene.sks */; };
/* End PBXBuildFile section */

/* Begin PBXFileReference section */
		12D4062A22E02C8C00EC67B4 /* gameData.json */ = {isa = PBXFileReference; lastKnownFileType = text.json; path = gameData.json; sourceTree = "<group>"; xcLanguageSpecificationIdentifier = xcode.lang.json; };
		12D4062D22E15A1900EC67B4 /* gameRule.swift */ = {isa = PBXFileReference; lastKnownFileType = sourcecode.swift; path = gameRule.swift; sourceTree = "<group>"; };
		12D4063022E15DD700EC67B4 /* gameRuleCtrl.swift */ = {isa = PBXFileReference; lastKnownFileType = sourcecode.swift; path = gameRuleCtrl.swift; sourceTree = "<group>"; };
		12DCBB1222D83276007E1469 /* AttactOnProject.app */ = {isa = PBXFileReference; explicitFileType = wrapper.application; includeInIndex = 0; path = AttactOnProject.app; sourceTree = BUILT_PRODUCTS_DIR; };
		12DCBB1522D83276007E1469 /* AppDelegate.swift */ = {isa = PBXFileReference; lastKnownFileType = sourcecode.swift; path = AppDelegate.swift; sourceTree = "<group>"; };
		12DCBB1722D83276007E1469 /* GameScene.sks */ = {isa = PBXFileReference; lastKnownFileType = file.sks; path = GameScene.sks; sourceTree = "<group>"; };
		12DCBB1922D83276007E1469 /* Actions.sks */ = {isa = PBXFileReference; lastKnownFileType = file.sks; path = Actions.sks; sourceTree = "<group>"; };
		12DCBB1B22D83276007E1469 /* GameScene.swift */ = {isa = PBXFileReference; lastKnownFileType = sourcecode.swift; path = GameScene.swift; sourceTree = "<group>"; };
		12DCBB1D22D83276007E1469 /* GameViewController.swift */ = {isa = PBXFileReference; lastKnownFileType = sourcecode.swift; path = GameViewController.swift; sourceTree = "<group>"; };
		12DCBB2022D83276007E1469 /* Base */ = {isa = PBXFileReference; lastKnownFileType = file.storyboard; name = Base; path = Base.lproj/Main.storyboard; sourceTree = "<group>"; };
		12DCBB2222D83276007E1469 /* Assets.xcassets */ = {isa = PBXFileReference; lastKnownFileType = folder.assetcatalog; path = Assets.xcassets; sourceTree = "<group>"; };
		12DCBB2522D83276007E1469 /* Base */ = {isa = PBXFileReference; lastKnownFileType = file.storyboard; name = Base; path = Base.lproj/LaunchScreen.storyboard; sourceTree = "<group>"; };
		12DCBB2722D83276007E1469 /* Info.plist */ = {isa = PBXFileReference; lastKnownFileType = text.plist.xml; path = Info.plist; sourceTree = "<group>"; };
		12DCBB3A22D839F2007E1469 /* KanbanBoardScene.sks */ = {isa = PBXFileReference; lastKnownFileType = file.sks; path = KanbanBoardScene.sks; sourceTree = "<group>"; };
		12DCBB3C22D83A04007E1469 /* KanbanBoardScene.swift */ = {isa = PBXFileReference; lastKnownFileType = sourcecode.swift; path = KanbanBoardScene.swift; sourceTree = "<group>"; };
		12DCBB3F22DB0DD5007E1469 /* StageScene.sks */ = {isa = PBXFileReference; lastKnownFileType = file.sks; path = StageScene.sks; sourceTree = "<group>"; };
		12DCBB4122DB0DE5007E1469 /* StageScene.swift */ = {isa = PBXFileReference; lastKnownFileType = sourcecode.swift; path = StageScene.swift; sourceTree = "<group>"; };
		12DCBB4422DB2796007E1469 /* PreGameScene.sks */ = {isa = PBXFileReference; lastKnownFileType = file.sks; path = PreGameScene.sks; sourceTree = "<group>"; };
		12DCBB4622DB27A2007E1469 /* PreGameScene.swift */ = {isa = PBXFileReference; lastKnownFileType = sourcecode.swift; path = PreGameScene.swift; sourceTree = "<group>"; };
		12DCBB4922DB28E1007E1469 /* GamePlayScene.sks */ = {isa = PBXFileReference; lastKnownFileType = file.sks; path = GamePlayScene.sks; sourceTree = "<group>"; };
		12DCBB4B22DB28F2007E1469 /* GamePlayScene.swift */ = {isa = PBXFileReference; lastKnownFileType = sourcecode.swift; path = GamePlayScene.swift; sourceTree = "<group>"; };
		12DCBB4F22DB2DDB007E1469 /* AfterGameScene.sks */ = {isa = PBXFileReference; lastKnownFileType = file.sks; path = AfterGameScene.sks; sourceTree = "<group>"; };
		12DCBB5122DB2DEA007E1469 /* AfterGameScene.swift */ = {isa = PBXFileReference; lastKnownFileType = sourcecode.swift; path = AfterGameScene.swift; sourceTree = "<group>"; };
		12DCBB5422DB3136007E1469 /* UpgradeShopScene.sks */ = {isa = PBXFileReference; lastKnownFileType = file.sks; path = UpgradeShopScene.sks; sourceTree = "<group>"; };
		12DCBB5622DB3153007E1469 /* UpgradeShopScene.swift */ = {isa = PBXFileReference; lastKnownFileType = sourcecode.swift; path = UpgradeShopScene.swift; sourceTree = "<group>"; };
		BE35BF9522DEFC9A00763A7D /* TutorialSceneOne.sks */ = {isa = PBXFileReference; lastKnownFileType = file.sks; path = TutorialSceneOne.sks; sourceTree = "<group>"; };
		BE35BF9822DEFCBB00763A7D /* TutorialSceneOne.swift */ = {isa = PBXFileReference; lastKnownFileType = sourcecode.swift; path = TutorialSceneOne.swift; sourceTree = "<group>"; };
		BE3B63A522DD7CE900E9D339 /* FinishGame.sks */ = {isa = PBXFileReference; lastKnownFileType = file.sks; path = FinishGame.sks; sourceTree = "<group>"; };
		BE3B63A722DD7CF700E9D339 /* FinishGame.swift */ = {isa = PBXFileReference; lastKnownFileType = sourcecode.swift; path = FinishGame.swift; sourceTree = "<group>"; };
		DBC7140122DF32D9000A089B /* Main Menu AoP.mp3 */ = {isa = PBXFileReference; lastKnownFileType = audio.mp3; path = "Main Menu AoP.mp3"; sourceTree = "<group>"; };
		DBC7140322DF3D4D000A089B /* Fanch Developer Team.png */ = {isa = PBXFileReference; lastKnownFileType = image.png; path = "Fanch Developer Team.png"; sourceTree = "<group>"; };
		DBC7140522E010D3000A089B /* Devina.png */ = {isa = PBXFileReference; lastKnownFileType = image.png; path = Devina.png; sourceTree = "<group>"; };
		DBC7140622E010D3000A089B /* Sen.png */ = {isa = PBXFileReference; lastKnownFileType = image.png; path = Sen.png; sourceTree = "<group>"; };
		DBC7140722E010D3000A089B /* Agnes.png */ = {isa = PBXFileReference; lastKnownFileType = image.png; path = Agnes.png; sourceTree = "<group>"; };
		DBC7140822E010D3000A089B /* Clieff.png */ = {isa = PBXFileReference; lastKnownFileType = image.png; path = Clieff.png; sourceTree = "<group>"; };
		DBC7140922E010D3000A089B /* Pav.png */ = {isa = PBXFileReference; lastKnownFileType = image.png; path = Pav.png; sourceTree = "<group>"; };
		DBC7140A22E010D3000A089B /* Aurel.png */ = {isa = PBXFileReference; lastKnownFileType = image.png; path = Aurel.png; sourceTree = "<group>"; };
		DBC7141422E172A6000A089B /* Loading1.jpg */ = {isa = PBXFileReference; lastKnownFileType = image.jpeg; path = Loading1.jpg; sourceTree = "<group>"; };
		DBC7141522E172A6000A089B /* Loading3.jpg */ = {isa = PBXFileReference; lastKnownFileType = image.jpeg; path = Loading3.jpg; sourceTree = "<group>"; };
		DBC7141622E172A7000A089B /* Loading2.jpg */ = {isa = PBXFileReference; lastKnownFileType = image.jpeg; path = Loading2.jpg; sourceTree = "<group>"; };
		DBC7141A22E1BA62000A089B /* Select Team.png */ = {isa = PBXFileReference; lastKnownFileType = image.png; path = "Select Team.png"; sourceTree = "<group>"; };
		DBC7141D22E3323D000A089B /* EmployeeSelectScene.swift */ = {isa = PBXFileReference; lastKnownFileType = sourcecode.swift; path = EmployeeSelectScene.swift; sourceTree = "<group>"; };
		DBC7141F22E3325A000A089B /* EmployeeSelectScene.sks */ = {isa = PBXFileReference; lastKnownFileType = file.sks; path = EmployeeSelectScene.sks; sourceTree = "<group>"; };
		DBC7142122E3384E000A089B /* Click.mp3 */ = {isa = PBXFileReference; lastKnownFileType = audio.mp3; path = Click.mp3; sourceTree = "<group>"; };
		DBC7142322E386F1000A089B /* Ingame.mp3 */ = {isa = PBXFileReference; lastKnownFileType = audio.mp3; path = Ingame.mp3; sourceTree = "<group>"; };
		DBC7142522E3AEB4000A089B /* Pause-Button.png */ = {isa = PBXFileReference; lastKnownFileType = image.png; path = "Pause-Button.png"; sourceTree = "<group>"; };
		DBC7142722E56A98000A089B /* Plain-Black-Wallpaper.png */ = {isa = PBXFileReference; lastKnownFileType = image.png; path = "Plain-Black-Wallpaper.png"; sourceTree = "<group>"; };
		FE002FA122DEF1F000C25719 /* Fox Grotesque Pro Italic.otf */ = {isa = PBXFileReference; lastKnownFileType = file; path = "Fox Grotesque Pro Italic.otf"; sourceTree = "<group>"; };
		FE002FA222DEF1F000C25719 /* Fox Grotesque Pro Light Italic.otf */ = {isa = PBXFileReference; lastKnownFileType = file; path = "Fox Grotesque Pro Light Italic.otf"; sourceTree = "<group>"; };
		FE002FA322DEF1F000C25719 /* Fox Grotesque Pro Bold.otf */ = {isa = PBXFileReference; lastKnownFileType = file; path = "Fox Grotesque Pro Bold.otf"; sourceTree = "<group>"; };
		FE002FA422DEF1F000C25719 /* Fox Grotesque Pro Heavy Italic.otf */ = {isa = PBXFileReference; lastKnownFileType = file; path = "Fox Grotesque Pro Heavy Italic.otf"; sourceTree = "<group>"; };
		FE002FA522DEF1F000C25719 /* Fox Grotesque Pro Thin.otf */ = {isa = PBXFileReference; lastKnownFileType = file; path = "Fox Grotesque Pro Thin.otf"; sourceTree = "<group>"; };
		FE002FA622DEF1F000C25719 /* Fox Grotesque Pro Thin Italic.otf */ = {isa = PBXFileReference; lastKnownFileType = file; path = "Fox Grotesque Pro Thin Italic.otf"; sourceTree = "<group>"; };
		FE002FA722DEF1F000C25719 /* Fox Grotesque Pro Light.otf */ = {isa = PBXFileReference; lastKnownFileType = file; path = "Fox Grotesque Pro Light.otf"; sourceTree = "<group>"; };
		FE002FA822DEF1F000C25719 /* Fox Grotesque Pro.otf */ = {isa = PBXFileReference; lastKnownFileType = file; path = "Fox Grotesque Pro.otf"; sourceTree = "<group>"; };
		FE002FA922DEF1F000C25719 /* Fox Grotesque Pro Heavy.otf */ = {isa = PBXFileReference; lastKnownFileType = file; path = "Fox Grotesque Pro Heavy.otf"; sourceTree = "<group>"; };
		FE002FAA22DEF1F000C25719 /* Fox Grotesque Pro Bold Italic.otf */ = {isa = PBXFileReference; lastKnownFileType = file; path = "Fox Grotesque Pro Bold Italic.otf"; sourceTree = "<group>"; };
		FEA8681722DC48D200E6C5FC /* LoadingScene.sks */ = {isa = PBXFileReference; lastKnownFileType = file.sks; path = LoadingScene.sks; sourceTree = "<group>"; };
		FEA8681B22DC491C00E6C5FC /* LoadingScene.swift */ = {isa = PBXFileReference; lastKnownFileType = sourcecode.swift; path = LoadingScene.swift; sourceTree = "<group>"; };
		FEA8681E22DC494900E6C5FC /* LoadingGameScene.swift */ = {isa = PBXFileReference; lastKnownFileType = sourcecode.swift; path = LoadingGameScene.swift; sourceTree = "<group>"; };
		FEA8682022DC495500E6C5FC /* LoadingGameScene.sks */ = {isa = PBXFileReference; lastKnownFileType = file.sks; path = LoadingGameScene.sks; sourceTree = "<group>"; };
/* End PBXFileReference section */

/* Begin PBXFrameworksBuildPhase section */
		12DCBB0F22D83276007E1469 /* Frameworks */ = {
			isa = PBXFrameworksBuildPhase;
			buildActionMask = 2147483647;
			files = (
			);
			runOnlyForDeploymentPostprocessing = 0;
		};
/* End PBXFrameworksBuildPhase section */

/* Begin PBXGroup section */
		12D4062C22E159E700EC67B4 /* Model */ = {
			isa = PBXGroup;
			children = (
				12D4062D22E15A1900EC67B4 /* gameRule.swift */,
			);
			path = Model;
			sourceTree = "<group>";
		};
		12D4062F22E15DC000EC67B4 /* Controller */ = {
			isa = PBXGroup;
			children = (
				12D4063022E15DD700EC67B4 /* gameRuleCtrl.swift */,
			);
			path = Controller;
			sourceTree = "<group>";
		};
		12DCBB0922D83276007E1469 = {
			isa = PBXGroup;
			children = (
				12D4062F22E15DC000EC67B4 /* Controller */,
				12D4062C22E159E700EC67B4 /* Model */,
				12DCBB3822D839C6007E1469 /* View */,
				12DCBB1422D83276007E1469 /* AttactOnProject */,
				12DCBB1322D83276007E1469 /* Products */,
			);
			sourceTree = "<group>";
		};
		12DCBB1322D83276007E1469 /* Products */ = {
			isa = PBXGroup;
			children = (
				12DCBB1222D83276007E1469 /* AttactOnProject.app */,
			);
			name = Products;
			sourceTree = "<group>";
		};
		12DCBB1422D83276007E1469 /* AttactOnProject */ = {
			isa = PBXGroup;
			children = (
				DBC7142522E3AEB4000A089B /* Pause-Button.png */,
				12DCBB1522D83276007E1469 /* AppDelegate.swift */,
				12DCBB1922D83276007E1469 /* Actions.sks */,
				12DCBB1F22D83276007E1469 /* Main.storyboard */,
				DBC7140722E010D3000A089B /* Agnes.png */,
				DBC7140A22E010D3000A089B /* Aurel.png */,
				DBC7140822E010D3000A089B /* Clieff.png */,
				DBC7140522E010D3000A089B /* Devina.png */,
				DBC7140922E010D3000A089B /* Pav.png */,
				DBC7140622E010D3000A089B /* Sen.png */,
				DBC7141422E172A6000A089B /* Loading1.jpg */,
				DBC7141622E172A7000A089B /* Loading2.jpg */,
				DBC7141522E172A6000A089B /* Loading3.jpg */,
				DBC7142722E56A98000A089B /* Plain-Black-Wallpaper.png */,
				DBC7141A22E1BA62000A089B /* Select Team.png */,
				12DCBB2222D83276007E1469 /* Assets.xcassets */,
				DBC7142322E386F1000A089B /* Ingame.mp3 */,
				12DCBB2422D83276007E1469 /* LaunchScreen.storyboard */,
				12DCBB2722D83276007E1469 /* Info.plist */,
				DBC7140322DF3D4D000A089B /* Fanch Developer Team.png */,
				DBC7142122E3384E000A089B /* Click.mp3 */,
				DBC7140122DF32D9000A089B /* Main Menu AoP.mp3 */,
				FE002FA022DEF1F000C25719 /* Fonts */,
				12D4062A22E02C8C00EC67B4 /* gameData.json */,
			);
			path = AttactOnProject;
			sourceTree = "<group>";
		};
		12DCBB3822D839C6007E1469 /* View */ = {
			isa = PBXGroup;
			children = (
				DBC7141C22E33219000A089B /* EmployeeSelectScene */,
				BE35BF9C22DEFCE700763A7D /* GameView Controller */,
				BE35BF9B22DEFCD300763A7D /* Game Scene */,
				BE35BF9722DEFCA600763A7D /* Tutorial One */,
				BE3B63A422DD745B00E9D339 /* Finish Game */,
				12DCBB5322DB310C007E1469 /* UpgradeShopScene */,
				12DCBB4D22DB2DB3007E1469 /* AfterGameScene */,
				12DCBB4822DB285E007E1469 /* GamePlayScene */,
				12DCBB4322DB2775007E1469 /* PreGameScene */,
				12DCBB3E22DB0D9A007E1469 /* StageScene */,
				12DCBB3922D839D1007E1469 /* KanbanBoard */,
				FEA8681D22DC492C00E6C5FC /* LoadingScene */,
				FEA8682222DC497000E6C5FC /* LoadingGameScene */,
			);
			path = View;
			sourceTree = "<group>";
		};
		12DCBB3922D839D1007E1469 /* KanbanBoard */ = {
			isa = PBXGroup;
			children = (
				12DCBB3A22D839F2007E1469 /* KanbanBoardScene.sks */,
				12DCBB3C22D83A04007E1469 /* KanbanBoardScene.swift */,
			);
			path = KanbanBoard;
			sourceTree = "<group>";
		};
		12DCBB3E22DB0D9A007E1469 /* StageScene */ = {
			isa = PBXGroup;
			children = (
				12DCBB3F22DB0DD5007E1469 /* StageScene.sks */,
				12DCBB4122DB0DE5007E1469 /* StageScene.swift */,
			);
			path = StageScene;
			sourceTree = "<group>";
		};
		12DCBB4322DB2775007E1469 /* PreGameScene */ = {
			isa = PBXGroup;
			children = (
				12DCBB4422DB2796007E1469 /* PreGameScene.sks */,
				12DCBB4622DB27A2007E1469 /* PreGameScene.swift */,
			);
			path = PreGameScene;
			sourceTree = "<group>";
		};
		12DCBB4822DB285E007E1469 /* GamePlayScene */ = {
			isa = PBXGroup;
			children = (
				12DCBB4922DB28E1007E1469 /* GamePlayScene.sks */,
				12DCBB4B22DB28F2007E1469 /* GamePlayScene.swift */,
			);
			path = GamePlayScene;
			sourceTree = "<group>";
		};
		12DCBB4D22DB2DB3007E1469 /* AfterGameScene */ = {
			isa = PBXGroup;
			children = (
				12DCBB4F22DB2DDB007E1469 /* AfterGameScene.sks */,
				12DCBB5122DB2DEA007E1469 /* AfterGameScene.swift */,
			);
			path = AfterGameScene;
			sourceTree = "<group>";
		};
		12DCBB5322DB310C007E1469 /* UpgradeShopScene */ = {
			isa = PBXGroup;
			children = (
				12DCBB5422DB3136007E1469 /* UpgradeShopScene.sks */,
				12DCBB5622DB3153007E1469 /* UpgradeShopScene.swift */,
			);
			path = UpgradeShopScene;
			sourceTree = "<group>";
		};
		BE35BF9722DEFCA600763A7D /* Tutorial One */ = {
			isa = PBXGroup;
			children = (
				BE35BF9522DEFC9A00763A7D /* TutorialSceneOne.sks */,
				BE35BF9822DEFCBB00763A7D /* TutorialSceneOne.swift */,
			);
			path = "Tutorial One";
			sourceTree = "<group>";
		};
		BE35BF9B22DEFCD300763A7D /* Game Scene */ = {
			isa = PBXGroup;
			children = (
				12DCBB1722D83276007E1469 /* GameScene.sks */,
				12DCBB1B22D83276007E1469 /* GameScene.swift */,
			);
			path = "Game Scene";
			sourceTree = "<group>";
		};
		BE35BF9C22DEFCE700763A7D /* GameView Controller */ = {
			isa = PBXGroup;
			children = (
				12DCBB1D22D83276007E1469 /* GameViewController.swift */,
			);
			path = "GameView Controller";
			sourceTree = "<group>";
		};
		BE3B63A422DD745B00E9D339 /* Finish Game */ = {
			isa = PBXGroup;
			children = (
				BE3B63A522DD7CE900E9D339 /* FinishGame.sks */,
				BE3B63A722DD7CF700E9D339 /* FinishGame.swift */,
			);
			path = "Finish Game";
			sourceTree = "<group>";
		};
		DBC7141C22E33219000A089B /* EmployeeSelectScene */ = {
			isa = PBXGroup;
			children = (
				DBC7141D22E3323D000A089B /* EmployeeSelectScene.swift */,
				DBC7141F22E3325A000A089B /* EmployeeSelectScene.sks */,
			);
			path = EmployeeSelectScene;
			sourceTree = "<group>";
		};
		FE002FA022DEF1F000C25719 /* Fonts */ = {
			isa = PBXGroup;
			children = (
				FE002FA122DEF1F000C25719 /* Fox Grotesque Pro Italic.otf */,
				FE002FA222DEF1F000C25719 /* Fox Grotesque Pro Light Italic.otf */,
				FE002FA322DEF1F000C25719 /* Fox Grotesque Pro Bold.otf */,
				FE002FA422DEF1F000C25719 /* Fox Grotesque Pro Heavy Italic.otf */,
				FE002FA522DEF1F000C25719 /* Fox Grotesque Pro Thin.otf */,
				FE002FA622DEF1F000C25719 /* Fox Grotesque Pro Thin Italic.otf */,
				FE002FA722DEF1F000C25719 /* Fox Grotesque Pro Light.otf */,
				FE002FA822DEF1F000C25719 /* Fox Grotesque Pro.otf */,
				FE002FA922DEF1F000C25719 /* Fox Grotesque Pro Heavy.otf */,
				FE002FAA22DEF1F000C25719 /* Fox Grotesque Pro Bold Italic.otf */,
			);
			path = Fonts;
			sourceTree = "<group>";
		};
		FEA8681D22DC492C00E6C5FC /* LoadingScene */ = {
			isa = PBXGroup;
			children = (
				FEA8681B22DC491C00E6C5FC /* LoadingScene.swift */,
				FEA8681722DC48D200E6C5FC /* LoadingScene.sks */,
			);
			path = LoadingScene;
			sourceTree = "<group>";
		};
		FEA8682222DC497000E6C5FC /* LoadingGameScene */ = {
			isa = PBXGroup;
			children = (
				FEA8681E22DC494900E6C5FC /* LoadingGameScene.swift */,
				FEA8682022DC495500E6C5FC /* LoadingGameScene.sks */,
			);
			path = LoadingGameScene;
			sourceTree = "<group>";
		};
/* End PBXGroup section */

/* Begin PBXNativeTarget section */
		12DCBB1122D83276007E1469 /* AttactOnProject */ = {
			isa = PBXNativeTarget;
			buildConfigurationList = 12DCBB2A22D83276007E1469 /* Build configuration list for PBXNativeTarget "AttactOnProject" */;
			buildPhases = (
				12DCBB0E22D83276007E1469 /* Sources */,
				12DCBB0F22D83276007E1469 /* Frameworks */,
				12DCBB1022D83276007E1469 /* Resources */,
			);
			buildRules = (
			);
			dependencies = (
			);
			name = AttactOnProject;
			productName = AttactOnProject;
			productReference = 12DCBB1222D83276007E1469 /* AttactOnProject.app */;
			productType = "com.apple.product-type.application";
		};
/* End PBXNativeTarget section */

/* Begin PBXProject section */
		12DCBB0A22D83276007E1469 /* Project object */ = {
			isa = PBXProject;
			attributes = {
				LastSwiftUpdateCheck = 1020;
				LastUpgradeCheck = 1020;
				ORGANIZATIONNAME = "Ahmad Nizar";
				TargetAttributes = {
					12DCBB1122D83276007E1469 = {
						CreatedOnToolsVersion = 10.2;
					};
				};
			};
			buildConfigurationList = 12DCBB0D22D83276007E1469 /* Build configuration list for PBXProject "Attack On Project" */;
			compatibilityVersion = "Xcode 9.3";
			developmentRegion = en;
			hasScannedForEncodings = 0;
			knownRegions = (
				en,
				Base,
			);
			mainGroup = 12DCBB0922D83276007E1469;
			productRefGroup = 12DCBB1322D83276007E1469 /* Products */;
			projectDirPath = "";
			projectRoot = "";
			targets = (
				12DCBB1122D83276007E1469 /* AttactOnProject */,
			);
		};
/* End PBXProject section */

/* Begin PBXResourcesBuildPhase section */
		12DCBB1022D83276007E1469 /* Resources */ = {
			isa = PBXResourcesBuildPhase;
			buildActionMask = 2147483647;
			files = (
				FE002FB222DEF1F000C25719 /* Fox Grotesque Pro.otf in Resources */,
				DBC7141B22E1BA62000A089B /* Select Team.png in Resources */,
				DBC7142622E3AEB4000A089B /* Pause-Button.png in Resources */,
				12D4062B22E02C8C00EC67B4 /* gameData.json in Resources */,
				DBC7140E22E010D3000A089B /* Clieff.png in Resources */,
				DBC7140222DF32D9000A089B /* Main Menu AoP.mp3 in Resources */,
				FE002FAE22DEF1F000C25719 /* Fox Grotesque Pro Heavy Italic.otf in Resources */,
				BE3B63A622DD7CE900E9D339 /* FinishGame.sks in Resources */,
				DBC7141822E172A7000A089B /* Loading3.jpg in Resources */,
				12DCBB3B22D839F2007E1469 /* KanbanBoardScene.sks in Resources */,
				DBC7141722E172A7000A089B /* Loading1.jpg in Resources */,
				FE002FAD22DEF1F000C25719 /* Fox Grotesque Pro Bold.otf in Resources */,
				DBC7140F22E010D3000A089B /* Pav.png in Resources */,
				12DCBB2122D83276007E1469 /* Main.storyboard in Resources */,
				FE002FAF22DEF1F000C25719 /* Fox Grotesque Pro Thin.otf in Resources */,
				BE35BF9622DEFC9A00763A7D /* TutorialSceneOne.sks in Resources */,
				FE002FAC22DEF1F000C25719 /* Fox Grotesque Pro Light Italic.otf in Resources */,
				DBC7140422DF3D4E000A089B /* Fanch Developer Team.png in Resources */,
				DBC7141922E172A7000A089B /* Loading2.jpg in Resources */,
				12DCBB1822D83276007E1469 /* GameScene.sks in Resources */,
				DBC7142022E3325A000A089B /* EmployeeSelectScene.sks in Resources */,
				FE002FAB22DEF1F000C25719 /* Fox Grotesque Pro Italic.otf in Resources */,
				FE002FB022DEF1F000C25719 /* Fox Grotesque Pro Thin Italic.otf in Resources */,
				FE002FB422DEF1F000C25719 /* Fox Grotesque Pro Bold Italic.otf in Resources */,
				FEA8682122DC495500E6C5FC /* LoadingGameScene.sks in Resources */,
				12DCBB2122D83276007E1469 /* Main.storyboard in Resources */,
				12DCBB1822D83276007E1469 /* GameScene.sks in Resources */,
				FEA8681822DC48D200E6C5FC /* LoadingScene.sks in Resources */,
				12DCBB5022DB2DDB007E1469 /* AfterGameScene.sks in Resources */,
				12DCBB2322D83276007E1469 /* Assets.xcassets in Resources */,
				FE002FB322DEF1F000C25719 /* Fox Grotesque Pro Heavy.otf in Resources */,
				DBC7141022E010D3000A089B /* Aurel.png in Resources */,
				DBC7142222E3384F000A089B /* Click.mp3 in Resources */,
				12DCBB2622D83276007E1469 /* LaunchScreen.storyboard in Resources */,
				DBC7140C22E010D3000A089B /* Sen.png in Resources */,
				12DCBB5522DB3136007E1469 /* UpgradeShopScene.sks in Resources */,
				12DCBB4022DB0DD5007E1469 /* StageScene.sks in Resources */,
				DBC7142822E56A98000A089B /* Plain-Black-Wallpaper.png in Resources */,
				DBC7140B22E010D3000A089B /* Devina.png in Resources */,
				12DCBB4522DB2796007E1469 /* PreGameScene.sks in Resources */,
				12DCBB1A22D83276007E1469 /* Actions.sks in Resources */,
				12DCBB4A22DB28E1007E1469 /* GamePlayScene.sks in Resources */,
				FE002FB122DEF1F000C25719 /* Fox Grotesque Pro Light.otf in Resources */,
				DBC7142422E386F1000A089B /* Ingame.mp3 in Resources */,
				DBC7140D22E010D3000A089B /* Agnes.png in Resources */,
			);
			runOnlyForDeploymentPostprocessing = 0;
		};
/* End PBXResourcesBuildPhase section */

/* Begin PBXSourcesBuildPhase section */
		12DCBB0E22D83276007E1469 /* Sources */ = {
			isa = PBXSourcesBuildPhase;
			buildActionMask = 2147483647;
			files = (
				12DCBB4C22DB28F2007E1469 /* GamePlayScene.swift in Sources */,
				12DCBB5222DB2DEA007E1469 /* AfterGameScene.swift in Sources */,
				DBC7141E22E3323D000A089B /* EmployeeSelectScene.swift in Sources */,
				FEA8681F22DC494900E6C5FC /* LoadingGameScene.swift in Sources */,
				12DCBB5722DB3153007E1469 /* UpgradeShopScene.swift in Sources */,
				BE35BF9922DEFCBB00763A7D /* TutorialSceneOne.swift in Sources */,
				12DCBB1C22D83276007E1469 /* GameScene.swift in Sources */,
				12DCBB1E22D83276007E1469 /* GameViewController.swift in Sources */,
				FEA8681C22DC491C00E6C5FC /* LoadingScene.swift in Sources */,
				12DCBB3D22D83A04007E1469 /* KanbanBoardScene.swift in Sources */,
				BE3B63A822DD7CF700E9D339 /* FinishGame.swift in Sources */,
				12DCBB4222DB0DE5007E1469 /* StageScene.swift in Sources */,
				12DCBB4722DB27A2007E1469 /* PreGameScene.swift in Sources */,
				12DCBB1622D83276007E1469 /* AppDelegate.swift in Sources */,
				12D4062E22E15A1900EC67B4 /* gameRule.swift in Sources */,
				12D4063122E15DD700EC67B4 /* gameRuleCtrl.swift in Sources */,
			);
			runOnlyForDeploymentPostprocessing = 0;
		};
/* End PBXSourcesBuildPhase section */

/* Begin PBXVariantGroup section */
		12DCBB1F22D83276007E1469 /* Main.storyboard */ = {
			isa = PBXVariantGroup;
			children = (
				12DCBB2022D83276007E1469 /* Base */,
			);
			name = Main.storyboard;
			sourceTree = "<group>";
		};
		12DCBB2422D83276007E1469 /* LaunchScreen.storyboard */ = {
			isa = PBXVariantGroup;
			children = (
				12DCBB2522D83276007E1469 /* Base */,
			);
			name = LaunchScreen.storyboard;
			sourceTree = "<group>";
		};
/* End PBXVariantGroup section */

/* Begin XCBuildConfiguration section */
		12DCBB2822D83276007E1469 /* Debug */ = {
			isa = XCBuildConfiguration;
			buildSettings = {
				ALWAYS_SEARCH_USER_PATHS = NO;
				CLANG_ANALYZER_NONNULL = YES;
				CLANG_ANALYZER_NUMBER_OBJECT_CONVERSION = YES_AGGRESSIVE;
				CLANG_CXX_LANGUAGE_STANDARD = "gnu++14";
				CLANG_CXX_LIBRARY = "libc++";
				CLANG_ENABLE_MODULES = YES;
				CLANG_ENABLE_OBJC_ARC = YES;
				CLANG_ENABLE_OBJC_WEAK = YES;
				CLANG_WARN_BLOCK_CAPTURE_AUTORELEASING = YES;
				CLANG_WARN_BOOL_CONVERSION = YES;
				CLANG_WARN_COMMA = YES;
				CLANG_WARN_CONSTANT_CONVERSION = YES;
				CLANG_WARN_DEPRECATED_OBJC_IMPLEMENTATIONS = YES;
				CLANG_WARN_DIRECT_OBJC_ISA_USAGE = YES_ERROR;
				CLANG_WARN_DOCUMENTATION_COMMENTS = YES;
				CLANG_WARN_EMPTY_BODY = YES;
				CLANG_WARN_ENUM_CONVERSION = YES;
				CLANG_WARN_INFINITE_RECURSION = YES;
				CLANG_WARN_INT_CONVERSION = YES;
				CLANG_WARN_NON_LITERAL_NULL_CONVERSION = YES;
				CLANG_WARN_OBJC_IMPLICIT_RETAIN_SELF = YES;
				CLANG_WARN_OBJC_LITERAL_CONVERSION = YES;
				CLANG_WARN_OBJC_ROOT_CLASS = YES_ERROR;
				CLANG_WARN_RANGE_LOOP_ANALYSIS = YES;
				CLANG_WARN_STRICT_PROTOTYPES = YES;
				CLANG_WARN_SUSPICIOUS_MOVE = YES;
				CLANG_WARN_UNGUARDED_AVAILABILITY = YES_AGGRESSIVE;
				CLANG_WARN_UNREACHABLE_CODE = YES;
				CLANG_WARN__DUPLICATE_METHOD_MATCH = YES;
				CODE_SIGN_IDENTITY = "iPhone Developer";
				COPY_PHASE_STRIP = NO;
				DEBUG_INFORMATION_FORMAT = dwarf;
				ENABLE_STRICT_OBJC_MSGSEND = YES;
				ENABLE_TESTABILITY = YES;
				GCC_C_LANGUAGE_STANDARD = gnu11;
				GCC_DYNAMIC_NO_PIC = NO;
				GCC_NO_COMMON_BLOCKS = YES;
				GCC_OPTIMIZATION_LEVEL = 0;
				GCC_PREPROCESSOR_DEFINITIONS = (
					"DEBUG=1",
					"$(inherited)",
				);
				GCC_WARN_64_TO_32_BIT_CONVERSION = YES;
				GCC_WARN_ABOUT_RETURN_TYPE = YES_ERROR;
				GCC_WARN_UNDECLARED_SELECTOR = YES;
				GCC_WARN_UNINITIALIZED_AUTOS = YES_AGGRESSIVE;
				GCC_WARN_UNUSED_FUNCTION = YES;
				GCC_WARN_UNUSED_VARIABLE = YES;
				IPHONEOS_DEPLOYMENT_TARGET = 12.2;
				MTL_ENABLE_DEBUG_INFO = INCLUDE_SOURCE;
				MTL_FAST_MATH = YES;
				ONLY_ACTIVE_ARCH = YES;
				SDKROOT = iphoneos;
				SWIFT_ACTIVE_COMPILATION_CONDITIONS = DEBUG;
				SWIFT_OPTIMIZATION_LEVEL = "-Onone";
			};
			name = Debug;
		};
		12DCBB2922D83276007E1469 /* Release */ = {
			isa = XCBuildConfiguration;
			buildSettings = {
				ALWAYS_SEARCH_USER_PATHS = NO;
				CLANG_ANALYZER_NONNULL = YES;
				CLANG_ANALYZER_NUMBER_OBJECT_CONVERSION = YES_AGGRESSIVE;
				CLANG_CXX_LANGUAGE_STANDARD = "gnu++14";
				CLANG_CXX_LIBRARY = "libc++";
				CLANG_ENABLE_MODULES = YES;
				CLANG_ENABLE_OBJC_ARC = YES;
				CLANG_ENABLE_OBJC_WEAK = YES;
				CLANG_WARN_BLOCK_CAPTURE_AUTORELEASING = YES;
				CLANG_WARN_BOOL_CONVERSION = YES;
				CLANG_WARN_COMMA = YES;
				CLANG_WARN_CONSTANT_CONVERSION = YES;
				CLANG_WARN_DEPRECATED_OBJC_IMPLEMENTATIONS = YES;
				CLANG_WARN_DIRECT_OBJC_ISA_USAGE = YES_ERROR;
				CLANG_WARN_DOCUMENTATION_COMMENTS = YES;
				CLANG_WARN_EMPTY_BODY = YES;
				CLANG_WARN_ENUM_CONVERSION = YES;
				CLANG_WARN_INFINITE_RECURSION = YES;
				CLANG_WARN_INT_CONVERSION = YES;
				CLANG_WARN_NON_LITERAL_NULL_CONVERSION = YES;
				CLANG_WARN_OBJC_IMPLICIT_RETAIN_SELF = YES;
				CLANG_WARN_OBJC_LITERAL_CONVERSION = YES;
				CLANG_WARN_OBJC_ROOT_CLASS = YES_ERROR;
				CLANG_WARN_RANGE_LOOP_ANALYSIS = YES;
				CLANG_WARN_STRICT_PROTOTYPES = YES;
				CLANG_WARN_SUSPICIOUS_MOVE = YES;
				CLANG_WARN_UNGUARDED_AVAILABILITY = YES_AGGRESSIVE;
				CLANG_WARN_UNREACHABLE_CODE = YES;
				CLANG_WARN__DUPLICATE_METHOD_MATCH = YES;
				CODE_SIGN_IDENTITY = "iPhone Developer";
				COPY_PHASE_STRIP = NO;
				DEBUG_INFORMATION_FORMAT = "dwarf-with-dsym";
				ENABLE_NS_ASSERTIONS = NO;
				ENABLE_STRICT_OBJC_MSGSEND = YES;
				GCC_C_LANGUAGE_STANDARD = gnu11;
				GCC_NO_COMMON_BLOCKS = YES;
				GCC_WARN_64_TO_32_BIT_CONVERSION = YES;
				GCC_WARN_ABOUT_RETURN_TYPE = YES_ERROR;
				GCC_WARN_UNDECLARED_SELECTOR = YES;
				GCC_WARN_UNINITIALIZED_AUTOS = YES_AGGRESSIVE;
				GCC_WARN_UNUSED_FUNCTION = YES;
				GCC_WARN_UNUSED_VARIABLE = YES;
				IPHONEOS_DEPLOYMENT_TARGET = 12.2;
				MTL_ENABLE_DEBUG_INFO = NO;
				MTL_FAST_MATH = YES;
				SDKROOT = iphoneos;
				SWIFT_COMPILATION_MODE = wholemodule;
				SWIFT_OPTIMIZATION_LEVEL = "-O";
				VALIDATE_PRODUCT = YES;
			};
			name = Release;
		};
		12DCBB2B22D83276007E1469 /* Debug */ = {
			isa = XCBuildConfiguration;
			buildSettings = {
				ASSETCATALOG_COMPILER_APPICON_NAME = AppIcon;
				CODE_SIGN_STYLE = Automatic;
				DEVELOPMENT_TEAM = 8A39UTUTTX;
				INFOPLIST_FILE = AttactOnProject/Info.plist;
				LD_RUNPATH_SEARCH_PATHS = (
					"$(inherited)",
					"@executable_path/Frameworks",
				);
				PRODUCT_BUNDLE_IDENTIFIER = com.nizar.AttactOnProject;
				PRODUCT_NAME = "$(TARGET_NAME)";
				SWIFT_VERSION = 5.0;
				TARGETED_DEVICE_FAMILY = "1,2";
			};
			name = Debug;
		};
		12DCBB2C22D83276007E1469 /* Release */ = {
			isa = XCBuildConfiguration;
			buildSettings = {
				ASSETCATALOG_COMPILER_APPICON_NAME = AppIcon;
				CODE_SIGN_STYLE = Automatic;
				DEVELOPMENT_TEAM = 8A39UTUTTX;
				INFOPLIST_FILE = AttactOnProject/Info.plist;
				LD_RUNPATH_SEARCH_PATHS = (
					"$(inherited)",
					"@executable_path/Frameworks",
				);
				PRODUCT_BUNDLE_IDENTIFIER = com.nizar.AttactOnProject;
				PRODUCT_NAME = "$(TARGET_NAME)";
				SWIFT_VERSION = 5.0;
				TARGETED_DEVICE_FAMILY = "1,2";
			};
			name = Release;
		};
/* End XCBuildConfiguration section */

/* Begin XCConfigurationList section */
		12DCBB0D22D83276007E1469 /* Build configuration list for PBXProject "Attack On Project" */ = {
			isa = XCConfigurationList;
			buildConfigurations = (
				12DCBB2822D83276007E1469 /* Debug */,
				12DCBB2922D83276007E1469 /* Release */,
			);
			defaultConfigurationIsVisible = 0;
			defaultConfigurationName = Release;
		};
		12DCBB2A22D83276007E1469 /* Build configuration list for PBXNativeTarget "AttactOnProject" */ = {
			isa = XCConfigurationList;
			buildConfigurations = (
				12DCBB2B22D83276007E1469 /* Debug */,
				12DCBB2C22D83276007E1469 /* Release */,
			);
			defaultConfigurationIsVisible = 0;
			defaultConfigurationName = Release;
		};
/* End XCConfigurationList section */
	};
	rootObject = 12DCBB0A22D83276007E1469 /* Project object */;
}
