// !$*UTF8*$!
{
	archiveVersion = 1;
	classes = {
	};
	objectVersion = 50;
	objects = {

/* Begin PBXBuildFile section */
		BEE4F31022D4383C00879228 /* AppDelegate.swift in Sources */ = {isa = PBXBuildFile; fileRef = BEE4F30F22D4383C00879228 /* AppDelegate.swift */; };
		BEE4F31222D4383C00879228 /* ik.sks in Resources */ = {isa = PBXBuildFile; fileRef = BEE4F31122D4383C00879228 /* ik.sks */; };
		BEE4F31422D4383C00879228 /* Actions.sks in Resources */ = {isa = PBXBuildFile; fileRef = BEE4F31322D4383C00879228 /* Actions.sks */; };
		BEE4F31622D4383D00879228 /* GameScene.swift in Sources */ = {isa = PBXBuildFile; fileRef = BEE4F31522D4383D00879228 /* GameScene.swift */; };
		BEE4F31822D4383D00879228 /* GameViewController.swift in Sources */ = {isa = PBXBuildFile; fileRef = BEE4F31722D4383D00879228 /* GameViewController.swift */; };
		BEE4F31B22D4383D00879228 /* Main.storyboard in Resources */ = {isa = PBXBuildFile; fileRef = BEE4F31922D4383D00879228 /* Main.storyboard */; };
		BEE4F31D22D4383E00879228 /* Assets.xcassets in Resources */ = {isa = PBXBuildFile; fileRef = BEE4F31C22D4383E00879228 /* Assets.xcassets */; };
		BEE4F32022D4383E00879228 /* LaunchScreen.storyboard in Resources */ = {isa = PBXBuildFile; fileRef = BEE4F31E22D4383E00879228 /* LaunchScreen.storyboard */; };
		BEE4F32B22D4383E00879228 /* AttackOnProjectTests.swift in Sources */ = {isa = PBXBuildFile; fileRef = BEE4F32A22D4383E00879228 /* AttackOnProjectTests.swift */; };
		BEE4F33622D4383E00879228 /* AttackOnProjectUITests.swift in Sources */ = {isa = PBXBuildFile; fileRef = BEE4F33522D4383E00879228 /* AttackOnProjectUITests.swift */; };
		FE6C57E522D5796F00DF8FEB /* Doge.mp4 in Resources */ = {isa = PBXBuildFile; fileRef = FE6C57E422D5796F00DF8FEB /* Doge.mp4 */; };
/* End PBXBuildFile section */

/* Begin PBXContainerItemProxy section */
		BEE4F32722D4383E00879228 /* PBXContainerItemProxy */ = {
			isa = PBXContainerItemProxy;
			containerPortal = BEE4F30422D4383C00879228 /* Project object */;
			proxyType = 1;
			remoteGlobalIDString = BEE4F30B22D4383C00879228;
			remoteInfo = AttackOnProject;
		};
		BEE4F33222D4383E00879228 /* PBXContainerItemProxy */ = {
			isa = PBXContainerItemProxy;
			containerPortal = BEE4F30422D4383C00879228 /* Project object */;
			proxyType = 1;
			remoteGlobalIDString = BEE4F30B22D4383C00879228;
			remoteInfo = AttackOnProject;
		};
/* End PBXContainerItemProxy section */

/* Begin PBXFileReference section */
		BEE4F30C22D4383C00879228 /* AttackOnProject.app */ = {isa = PBXFileReference; explicitFileType = wrapper.application; includeInIndex = 0; path = AttackOnProject.app; sourceTree = BUILT_PRODUCTS_DIR; };
		BEE4F30F22D4383C00879228 /* AppDelegate.swift */ = {isa = PBXFileReference; lastKnownFileType = sourcecode.swift; path = AppDelegate.swift; sourceTree = "<group>"; };
		BEE4F31122D4383C00879228 /* ik.sks */ = {isa = PBXFileReference; lastKnownFileType = file.sks; path = ik.sks; sourceTree = "<group>"; };
		BEE4F31322D4383C00879228 /* Actions.sks */ = {isa = PBXFileReference; lastKnownFileType = file.sks; path = Actions.sks; sourceTree = "<group>"; };
		BEE4F31522D4383D00879228 /* GameScene.swift */ = {isa = PBXFileReference; lastKnownFileType = sourcecode.swift; path = GameScene.swift; sourceTree = "<group>"; };
		BEE4F31722D4383D00879228 /* GameViewController.swift */ = {isa = PBXFileReference; lastKnownFileType = sourcecode.swift; path = GameViewController.swift; sourceTree = "<group>"; };
		BEE4F31A22D4383D00879228 /* Base */ = {isa = PBXFileReference; lastKnownFileType = file.storyboard; name = Base; path = Base.lproj/Main.storyboard; sourceTree = "<group>"; };
		BEE4F31C22D4383E00879228 /* Assets.xcassets */ = {isa = PBXFileReference; lastKnownFileType = folder.assetcatalog; path = Assets.xcassets; sourceTree = "<group>"; };
		BEE4F31F22D4383E00879228 /* Base */ = {isa = PBXFileReference; lastKnownFileType = file.storyboard; name = Base; path = Base.lproj/LaunchScreen.storyboard; sourceTree = "<group>"; };
		BEE4F32122D4383E00879228 /* Info.plist */ = {isa = PBXFileReference; lastKnownFileType = text.plist.xml; path = Info.plist; sourceTree = "<group>"; };
		BEE4F32622D4383E00879228 /* AttackOnProjectTests.xctest */ = {isa = PBXFileReference; explicitFileType = wrapper.cfbundle; includeInIndex = 0; path = AttackOnProjectTests.xctest; sourceTree = BUILT_PRODUCTS_DIR; };
		BEE4F32A22D4383E00879228 /* AttackOnProjectTests.swift */ = {isa = PBXFileReference; lastKnownFileType = sourcecode.swift; path = AttackOnProjectTests.swift; sourceTree = "<group>"; };
		BEE4F32C22D4383E00879228 /* Info.plist */ = {isa = PBXFileReference; lastKnownFileType = text.plist.xml; path = Info.plist; sourceTree = "<group>"; };
		BEE4F33122D4383E00879228 /* AttackOnProjectUITests.xctest */ = {isa = PBXFileReference; explicitFileType = wrapper.cfbundle; includeInIndex = 0; path = AttackOnProjectUITests.xctest; sourceTree = BUILT_PRODUCTS_DIR; };
		BEE4F33522D4383E00879228 /* AttackOnProjectUITests.swift */ = {isa = PBXFileReference; lastKnownFileType = sourcecode.swift; path = AttackOnProjectUITests.swift; sourceTree = "<group>"; };
		BEE4F33722D4383E00879228 /* Info.plist */ = {isa = PBXFileReference; lastKnownFileType = text.plist.xml; path = Info.plist; sourceTree = "<group>"; };
		FE6C57E422D5796F00DF8FEB /* Doge.mp4 */ = {isa = PBXFileReference; lastKnownFileType = file; path = Doge.mp4; sourceTree = "<group>"; };
/* End PBXFileReference section */

/* Begin PBXFrameworksBuildPhase section */
		BEE4F30922D4383C00879228 /* Frameworks */ = {
			isa = PBXFrameworksBuildPhase;
			buildActionMask = 2147483647;
			files = (
			);
			runOnlyForDeploymentPostprocessing = 0;
		};
		BEE4F32322D4383E00879228 /* Frameworks */ = {
			isa = PBXFrameworksBuildPhase;
			buildActionMask = 2147483647;
			files = (
			);
			runOnlyForDeploymentPostprocessing = 0;
		};
		BEE4F32E22D4383E00879228 /* Frameworks */ = {
			isa = PBXFrameworksBuildPhase;
			buildActionMask = 2147483647;
			files = (
			);
			runOnlyForDeploymentPostprocessing = 0;
		};
/* End PBXFrameworksBuildPhase section */

/* Begin PBXGroup section */
		BEE4F30322D4383C00879228 = {
			isa = PBXGroup;
			children = (
				FE6C57E422D5796F00DF8FEB /* Doge.mp4 */,
				BEE4F30E22D4383C00879228 /* AttackOnProject */,
				BEE4F32922D4383E00879228 /* AttackOnProjectTests */,
				BEE4F33422D4383E00879228 /* AttackOnProjectUITests */,
				BEE4F30D22D4383C00879228 /* Products */,
			);
			sourceTree = "<group>";
		};
		BEE4F30D22D4383C00879228 /* Products */ = {
			isa = PBXGroup;
			children = (
				BEE4F30C22D4383C00879228 /* AttackOnProject.app */,
				BEE4F32622D4383E00879228 /* AttackOnProjectTests.xctest */,
				BEE4F33122D4383E00879228 /* AttackOnProjectUITests.xctest */,
			);
			name = Products;
			sourceTree = "<group>";
		};
		BEE4F30E22D4383C00879228 /* AttackOnProject */ = {
			isa = PBXGroup;
			children = (
				BEE4F30F22D4383C00879228 /* AppDelegate.swift */,
				BEE4F31122D4383C00879228 /* ik.sks */,
				BEE4F31322D4383C00879228 /* Actions.sks */,
				BEE4F31522D4383D00879228 /* GameScene.swift */,
				BEE4F31722D4383D00879228 /* GameViewController.swift */,
				BEE4F31922D4383D00879228 /* Main.storyboard */,
				BEE4F31C22D4383E00879228 /* Assets.xcassets */,
				BEE4F31E22D4383E00879228 /* LaunchScreen.storyboard */,
				BEE4F32122D4383E00879228 /* Info.plist */,
			);
			path = AttackOnProject;
			sourceTree = "<group>";
		};
		BEE4F32922D4383E00879228 /* AttackOnProjectTests */ = {
			isa = PBXGroup;
			children = (
				BEE4F32A22D4383E00879228 /* AttackOnProjectTests.swift */,
				BEE4F32C22D4383E00879228 /* Info.plist */,
			);
			path = AttackOnProjectTests;
			sourceTree = "<group>";
		};
		BEE4F33422D4383E00879228 /* AttackOnProjectUITests */ = {
			isa = PBXGroup;
			children = (
				BEE4F33522D4383E00879228 /* AttackOnProjectUITests.swift */,
				BEE4F33722D4383E00879228 /* Info.plist */,
			);
			path = AttackOnProjectUITests;
			sourceTree = "<group>";
		};
/* End PBXGroup section */

/* Begin PBXNativeTarget section */
		BEE4F30B22D4383C00879228 /* AttackOnProject */ = {
			isa = PBXNativeTarget;
			buildConfigurationList = BEE4F33A22D4383E00879228 /* Build configuration list for PBXNativeTarget "AttackOnProject" */;
			buildPhases = (
				BEE4F30822D4383C00879228 /* Sources */,
				BEE4F30922D4383C00879228 /* Frameworks */,
				BEE4F30A22D4383C00879228 /* Resources */,
			);
			buildRules = (
			);
			dependencies = (
			);
			name = AttackOnProject;
			productName = AttackOnProject;
			productReference = BEE4F30C22D4383C00879228 /* AttackOnProject.app */;
			productType = "com.apple.product-type.application";
		};
		BEE4F32522D4383E00879228 /* AttackOnProjectTests */ = {
			isa = PBXNativeTarget;
			buildConfigurationList = BEE4F33D22D4383E00879228 /* Build configuration list for PBXNativeTarget "AttackOnProjectTests" */;
			buildPhases = (
				BEE4F32222D4383E00879228 /* Sources */,
				BEE4F32322D4383E00879228 /* Frameworks */,
				BEE4F32422D4383E00879228 /* Resources */,
			);
			buildRules = (
			);
			dependencies = (
				BEE4F32822D4383E00879228 /* PBXTargetDependency */,
			);
			name = AttackOnProjectTests;
			productName = AttackOnProjectTests;
			productReference = BEE4F32622D4383E00879228 /* AttackOnProjectTests.xctest */;
			productType = "com.apple.product-type.bundle.unit-test";
		};
		BEE4F33022D4383E00879228 /* AttackOnProjectUITests */ = {
			isa = PBXNativeTarget;
			buildConfigurationList = BEE4F34022D4383E00879228 /* Build configuration list for PBXNativeTarget "AttackOnProjectUITests" */;
			buildPhases = (
				BEE4F32D22D4383E00879228 /* Sources */,
				BEE4F32E22D4383E00879228 /* Frameworks */,
				BEE4F32F22D4383E00879228 /* Resources */,
			);
			buildRules = (
			);
			dependencies = (
				BEE4F33322D4383E00879228 /* PBXTargetDependency */,
			);
			name = AttackOnProjectUITests;
			productName = AttackOnProjectUITests;
			productReference = BEE4F33122D4383E00879228 /* AttackOnProjectUITests.xctest */;
			productType = "com.apple.product-type.bundle.ui-testing";
		};
/* End PBXNativeTarget section */

/* Begin PBXProject section */
		BEE4F30422D4383C00879228 /* Project object */ = {
			isa = PBXProject;
			attributes = {
				LastSwiftUpdateCheck = 1020;
				LastUpgradeCheck = 1020;
				ORGANIZATIONNAME = "Ferry Irawan";
				TargetAttributes = {
					BEE4F30B22D4383C00879228 = {
						CreatedOnToolsVersion = 10.2.1;
					};
					BEE4F32522D4383E00879228 = {
						CreatedOnToolsVersion = 10.2.1;
						TestTargetID = BEE4F30B22D4383C00879228;
					};
					BEE4F33022D4383E00879228 = {
						CreatedOnToolsVersion = 10.2.1;
						TestTargetID = BEE4F30B22D4383C00879228;
					};
				};
			};
			buildConfigurationList = BEE4F30722D4383C00879228 /* Build configuration list for PBXProject "AttackOnProject" */;
			compatibilityVersion = "Xcode 9.3";
			developmentRegion = en;
			hasScannedForEncodings = 0;
			knownRegions = (
				en,
				Base,
			);
			mainGroup = BEE4F30322D4383C00879228;
			productRefGroup = BEE4F30D22D4383C00879228 /* Products */;
			projectDirPath = "";
			projectRoot = "";
			targets = (
				BEE4F30B22D4383C00879228 /* AttackOnProject */,
				BEE4F32522D4383E00879228 /* AttackOnProjectTests */,
				BEE4F33022D4383E00879228 /* AttackOnProjectUITests */,
			);
		};
/* End PBXProject section */

/* Begin PBXResourcesBuildPhase section */
		BEE4F30A22D4383C00879228 /* Resources */ = {
			isa = PBXResourcesBuildPhase;
			buildActionMask = 2147483647;
			files = (
				FE6C57E522D5796F00DF8FEB /* Doge.mp4 in Resources */,
				BEE4F31B22D4383D00879228 /* Main.storyboard in Resources */,
				BEE4F31222D4383C00879228 /* ik.sks in Resources */,
				BEE4F31D22D4383E00879228 /* Assets.xcassets in Resources */,
				BEE4F32022D4383E00879228 /* LaunchScreen.storyboard in Resources */,
				BEE4F31422D4383C00879228 /* Actions.sks in Resources */,
			);
			runOnlyForDeploymentPostprocessing = 0;
		};
		BEE4F32422D4383E00879228 /* Resources */ = {
			isa = PBXResourcesBuildPhase;
			buildActionMask = 2147483647;
			files = (
			);
			runOnlyForDeploymentPostprocessing = 0;
		};
		BEE4F32F22D4383E00879228 /* Resources */ = {
			isa = PBXResourcesBuildPhase;
			buildActionMask = 2147483647;
			files = (
			);
			runOnlyForDeploymentPostprocessing = 0;
		};
/* End PBXResourcesBuildPhase section */

/* Begin PBXSourcesBuildPhase section */
		BEE4F30822D4383C00879228 /* Sources */ = {
			isa = PBXSourcesBuildPhase;
			buildActionMask = 2147483647;
			files = (
				BEE4F31622D4383D00879228 /* GameScene.swift in Sources */,
				BEE4F31822D4383D00879228 /* GameViewController.swift in Sources */,
				BEE4F31022D4383C00879228 /* AppDelegate.swift in Sources */,
			);
			runOnlyForDeploymentPostprocessing = 0;
		};
		BEE4F32222D4383E00879228 /* Sources */ = {
			isa = PBXSourcesBuildPhase;
			buildActionMask = 2147483647;
			files = (
				BEE4F32B22D4383E00879228 /* AttackOnProjectTests.swift in Sources */,
			);
			runOnlyForDeploymentPostprocessing = 0;
		};
		BEE4F32D22D4383E00879228 /* Sources */ = {
			isa = PBXSourcesBuildPhase;
			buildActionMask = 2147483647;
			files = (
				BEE4F33622D4383E00879228 /* AttackOnProjectUITests.swift in Sources */,
			);
			runOnlyForDeploymentPostprocessing = 0;
		};
/* End PBXSourcesBuildPhase section */

/* Begin PBXTargetDependency section */
		BEE4F32822D4383E00879228 /* PBXTargetDependency */ = {
			isa = PBXTargetDependency;
			target = BEE4F30B22D4383C00879228 /* AttackOnProject */;
			targetProxy = BEE4F32722D4383E00879228 /* PBXContainerItemProxy */;
		};
		BEE4F33322D4383E00879228 /* PBXTargetDependency */ = {
			isa = PBXTargetDependency;
			target = BEE4F30B22D4383C00879228 /* AttackOnProject */;
			targetProxy = BEE4F33222D4383E00879228 /* PBXContainerItemProxy */;
		};
/* End PBXTargetDependency section */

/* Begin PBXVariantGroup section */
		BEE4F31922D4383D00879228 /* Main.storyboard */ = {
			isa = PBXVariantGroup;
			children = (
				BEE4F31A22D4383D00879228 /* Base */,
			);
			name = Main.storyboard;
			sourceTree = "<group>";
		};
		BEE4F31E22D4383E00879228 /* LaunchScreen.storyboard */ = {
			isa = PBXVariantGroup;
			children = (
				BEE4F31F22D4383E00879228 /* Base */,
			);
			name = LaunchScreen.storyboard;
			sourceTree = "<group>";
		};
/* End PBXVariantGroup section */

/* Begin XCBuildConfiguration section */
		BEE4F33822D4383E00879228 /* Debug */ = {
			isa = XCBuildConfiguration;
			buildSettings = {
				ALWAYS_SEARCH_USER_PATHS = NO;
				CLANG_ANALYZER_NONNULL = YES;
				CLANG_ANALYZER_NUMBER_OBJECT_CONVERSION = YES_AGGRESSIVE;
				CLANG_CXX_LANGUAGE_STANDARD = "gnu++14";
				CLANG_CXX_LIBRARY = "libc++";
				CLANG_ENABLE_MODULES = YES;
				CLANG_ENABLE_OBJC_ARC = YES;
				CLANG_ENABLE_OBJC_WEAK = YES;
				CLANG_WARN_BLOCK_CAPTURE_AUTORELEASING = YES;
				CLANG_WARN_BOOL_CONVERSION = YES;
				CLANG_WARN_COMMA = YES;
				CLANG_WARN_CONSTANT_CONVERSION = YES;
				CLANG_WARN_DEPRECATED_OBJC_IMPLEMENTATIONS = YES;
				CLANG_WARN_DIRECT_OBJC_ISA_USAGE = YES_ERROR;
				CLANG_WARN_DOCUMENTATION_COMMENTS = YES;
				CLANG_WARN_EMPTY_BODY = YES;
				CLANG_WARN_ENUM_CONVERSION = YES;
				CLANG_WARN_INFINITE_RECURSION = YES;
				CLANG_WARN_INT_CONVERSION = YES;
				CLANG_WARN_NON_LITERAL_NULL_CONVERSION = YES;
				CLANG_WARN_OBJC_IMPLICIT_RETAIN_SELF = YES;
				CLANG_WARN_OBJC_LITERAL_CONVERSION = YES;
				CLANG_WARN_OBJC_ROOT_CLASS = YES_ERROR;
				CLANG_WARN_RANGE_LOOP_ANALYSIS = YES;
				CLANG_WARN_STRICT_PROTOTYPES = YES;
				CLANG_WARN_SUSPICIOUS_MOVE = YES;
				CLANG_WARN_UNGUARDED_AVAILABILITY = YES_AGGRESSIVE;
				CLANG_WARN_UNREACHABLE_CODE = YES;
				CLANG_WARN__DUPLICATE_METHOD_MATCH = YES;
				CODE_SIGN_IDENTITY = "iPhone Developer";
				COPY_PHASE_STRIP = NO;
				DEBUG_INFORMATION_FORMAT = dwarf;
				ENABLE_STRICT_OBJC_MSGSEND = YES;
				ENABLE_TESTABILITY = YES;
				GCC_C_LANGUAGE_STANDARD = gnu11;
				GCC_DYNAMIC_NO_PIC = NO;
				GCC_NO_COMMON_BLOCKS = YES;
				GCC_OPTIMIZATION_LEVEL = 0;
				GCC_PREPROCESSOR_DEFINITIONS = (
					"DEBUG=1",
					"$(inherited)",
				);
				GCC_WARN_64_TO_32_BIT_CONVERSION = YES;
				GCC_WARN_ABOUT_RETURN_TYPE = YES_ERROR;
				GCC_WARN_UNDECLARED_SELECTOR = YES;
				GCC_WARN_UNINITIALIZED_AUTOS = YES_AGGRESSIVE;
				GCC_WARN_UNUSED_FUNCTION = YES;
				GCC_WARN_UNUSED_VARIABLE = YES;
				IPHONEOS_DEPLOYMENT_TARGET = 12.2;
				MTL_ENABLE_DEBUG_INFO = INCLUDE_SOURCE;
				MTL_FAST_MATH = YES;
				ONLY_ACTIVE_ARCH = YES;
				SDKROOT = iphoneos;
				SWIFT_ACTIVE_COMPILATION_CONDITIONS = DEBUG;
				SWIFT_OPTIMIZATION_LEVEL = "-Onone";
			};
			name = Debug;
		};
		BEE4F33922D4383E00879228 /* Release */ = {
			isa = XCBuildConfiguration;
			buildSettings = {
				ALWAYS_SEARCH_USER_PATHS = NO;
				CLANG_ANALYZER_NONNULL = YES;
				CLANG_ANALYZER_NUMBER_OBJECT_CONVERSION = YES_AGGRESSIVE;
				CLANG_CXX_LANGUAGE_STANDARD = "gnu++14";
				CLANG_CXX_LIBRARY = "libc++";
				CLANG_ENABLE_MODULES = YES;
				CLANG_ENABLE_OBJC_ARC = YES;
				CLANG_ENABLE_OBJC_WEAK = YES;
				CLANG_WARN_BLOCK_CAPTURE_AUTORELEASING = YES;
				CLANG_WARN_BOOL_CONVERSION = YES;
				CLANG_WARN_COMMA = YES;
				CLANG_WARN_CONSTANT_CONVERSION = YES;
				CLANG_WARN_DEPRECATED_OBJC_IMPLEMENTATIONS = YES;
				CLANG_WARN_DIRECT_OBJC_ISA_USAGE = YES_ERROR;
				CLANG_WARN_DOCUMENTATION_COMMENTS = YES;
				CLANG_WARN_EMPTY_BODY = YES;
				CLANG_WARN_ENUM_CONVERSION = YES;
				CLANG_WARN_INFINITE_RECURSION = YES;
				CLANG_WARN_INT_CONVERSION = YES;
				CLANG_WARN_NON_LITERAL_NULL_CONVERSION = YES;
				CLANG_WARN_OBJC_IMPLICIT_RETAIN_SELF = YES;
				CLANG_WARN_OBJC_LITERAL_CONVERSION = YES;
				CLANG_WARN_OBJC_ROOT_CLASS = YES_ERROR;
				CLANG_WARN_RANGE_LOOP_ANALYSIS = YES;
				CLANG_WARN_STRICT_PROTOTYPES = YES;
				CLANG_WARN_SUSPICIOUS_MOVE = YES;
				CLANG_WARN_UNGUARDED_AVAILABILITY = YES_AGGRESSIVE;
				CLANG_WARN_UNREACHABLE_CODE = YES;
				CLANG_WARN__DUPLICATE_METHOD_MATCH = YES;
				CODE_SIGN_IDENTITY = "iPhone Developer";
				COPY_PHASE_STRIP = NO;
				DEBUG_INFORMATION_FORMAT = "dwarf-with-dsym";
				ENABLE_NS_ASSERTIONS = NO;
				ENABLE_STRICT_OBJC_MSGSEND = YES;
				GCC_C_LANGUAGE_STANDARD = gnu11;
				GCC_NO_COMMON_BLOCKS = YES;
				GCC_WARN_64_TO_32_BIT_CONVERSION = YES;
				GCC_WARN_ABOUT_RETURN_TYPE = YES_ERROR;
				GCC_WARN_UNDECLARED_SELECTOR = YES;
				GCC_WARN_UNINITIALIZED_AUTOS = YES_AGGRESSIVE;
				GCC_WARN_UNUSED_FUNCTION = YES;
				GCC_WARN_UNUSED_VARIABLE = YES;
				IPHONEOS_DEPLOYMENT_TARGET = 12.2;
				MTL_ENABLE_DEBUG_INFO = NO;
				MTL_FAST_MATH = YES;
				SDKROOT = iphoneos;
				SWIFT_COMPILATION_MODE = wholemodule;
				SWIFT_OPTIMIZATION_LEVEL = "-O";
				VALIDATE_PRODUCT = YES;
			};
			name = Release;
		};
		BEE4F33B22D4383E00879228 /* Debug */ = {
			isa = XCBuildConfiguration;
			buildSettings = {
				ASSETCATALOG_COMPILER_APPICON_NAME = AppIcon;
				CODE_SIGN_STYLE = Automatic;
				INFOPLIST_FILE = AttackOnProject/Info.plist;
				LD_RUNPATH_SEARCH_PATHS = (
					"$(inherited)",
					"@executable_path/Frameworks",
				);
				PRODUCT_BUNDLE_IDENTIFIER = ferryirawan.AttackOnProject;
				PRODUCT_NAME = "$(TARGET_NAME)";
				SWIFT_VERSION = 5.0;
				TARGETED_DEVICE_FAMILY = "1,2";
			};
			name = Debug;
		};
		BEE4F33C22D4383E00879228 /* Release */ = {
			isa = XCBuildConfiguration;
			buildSettings = {
				ASSETCATALOG_COMPILER_APPICON_NAME = AppIcon;
				CODE_SIGN_STYLE = Automatic;
				INFOPLIST_FILE = AttackOnProject/Info.plist;
				LD_RUNPATH_SEARCH_PATHS = (
					"$(inherited)",
					"@executable_path/Frameworks",
				);
				PRODUCT_BUNDLE_IDENTIFIER = ferryirawan.AttackOnProject;
				PRODUCT_NAME = "$(TARGET_NAME)";
				SWIFT_VERSION = 5.0;
				TARGETED_DEVICE_FAMILY = "1,2";
			};
			name = Release;
		};
		BEE4F33E22D4383E00879228 /* Debug */ = {
			isa = XCBuildConfiguration;
			buildSettings = {
				ALWAYS_EMBED_SWIFT_STANDARD_LIBRARIES = YES;
				BUNDLE_LOADER = "$(TEST_HOST)";
				CODE_SIGN_STYLE = Automatic;
				INFOPLIST_FILE = AttackOnProjectTests/Info.plist;
				LD_RUNPATH_SEARCH_PATHS = (
					"$(inherited)",
					"@executable_path/Frameworks",
					"@loader_path/Frameworks",
				);
				PRODUCT_BUNDLE_IDENTIFIER = ferryirawan.AttackOnProjectTests;
				PRODUCT_NAME = "$(TARGET_NAME)";
				SWIFT_VERSION = 5.0;
				TARGETED_DEVICE_FAMILY = "1,2";
				TEST_HOST = "$(BUILT_PRODUCTS_DIR)/AttackOnProject.app/AttackOnProject";
			};
			name = Debug;
		};
		BEE4F33F22D4383E00879228 /* Release */ = {
			isa = XCBuildConfiguration;
			buildSettings = {
				ALWAYS_EMBED_SWIFT_STANDARD_LIBRARIES = YES;
				BUNDLE_LOADER = "$(TEST_HOST)";
				CODE_SIGN_STYLE = Automatic;
				INFOPLIST_FILE = AttackOnProjectTests/Info.plist;
				LD_RUNPATH_SEARCH_PATHS = (
					"$(inherited)",
					"@executable_path/Frameworks",
					"@loader_path/Frameworks",
				);
				PRODUCT_BUNDLE_IDENTIFIER = ferryirawan.AttackOnProjectTests;
				PRODUCT_NAME = "$(TARGET_NAME)";
				SWIFT_VERSION = 5.0;
				TARGETED_DEVICE_FAMILY = "1,2";
				TEST_HOST = "$(BUILT_PRODUCTS_DIR)/AttackOnProject.app/AttackOnProject";
			};
			name = Release;
		};
		BEE4F34122D4383E00879228 /* Debug */ = {
			isa = XCBuildConfiguration;
			buildSettings = {
				ALWAYS_EMBED_SWIFT_STANDARD_LIBRARIES = YES;
				CODE_SIGN_STYLE = Automatic;
				INFOPLIST_FILE = AttackOnProjectUITests/Info.plist;
				LD_RUNPATH_SEARCH_PATHS = (
					"$(inherited)",
					"@executable_path/Frameworks",
					"@loader_path/Frameworks",
				);
				PRODUCT_BUNDLE_IDENTIFIER = ferryirawan.AttackOnProjectUITests;
				PRODUCT_NAME = "$(TARGET_NAME)";
				SWIFT_VERSION = 5.0;
				TARGETED_DEVICE_FAMILY = "1,2";
				TEST_TARGET_NAME = AttackOnProject;
			};
			name = Debug;
		};
		BEE4F34222D4383E00879228 /* Release */ = {
			isa = XCBuildConfiguration;
			buildSettings = {
				ALWAYS_EMBED_SWIFT_STANDARD_LIBRARIES = YES;
				CODE_SIGN_STYLE = Automatic;
				INFOPLIST_FILE = AttackOnProjectUITests/Info.plist;
				LD_RUNPATH_SEARCH_PATHS = (
					"$(inherited)",
					"@executable_path/Frameworks",
					"@loader_path/Frameworks",
				);
				PRODUCT_BUNDLE_IDENTIFIER = ferryirawan.AttackOnProjectUITests;
				PRODUCT_NAME = "$(TARGET_NAME)";
				SWIFT_VERSION = 5.0;
				TARGETED_DEVICE_FAMILY = "1,2";
				TEST_TARGET_NAME = AttackOnProject;
			};
			name = Release;
		};
/* End XCBuildConfiguration section */

/* Begin XCConfigurationList section */
		BEE4F30722D4383C00879228 /* Build configuration list for PBXProject "AttackOnProject" */ = {
			isa = XCConfigurationList;
			buildConfigurations = (
				BEE4F33822D4383E00879228 /* Debug */,
				BEE4F33922D4383E00879228 /* Release */,
			);
			defaultConfigurationIsVisible = 0;
			defaultConfigurationName = Release;
		};
		BEE4F33A22D4383E00879228 /* Build configuration list for PBXNativeTarget "AttackOnProject" */ = {
			isa = XCConfigurationList;
			buildConfigurations = (
				BEE4F33B22D4383E00879228 /* Debug */,
				BEE4F33C22D4383E00879228 /* Release */,
			);
			defaultConfigurationIsVisible = 0;
			defaultConfigurationName = Release;
		};
		BEE4F33D22D4383E00879228 /* Build configuration list for PBXNativeTarget "AttackOnProjectTests" */ = {
			isa = XCConfigurationList;
			buildConfigurations = (
				BEE4F33E22D4383E00879228 /* Debug */,
				BEE4F33F22D4383E00879228 /* Release */,
			);
			defaultConfigurationIsVisible = 0;
			defaultConfigurationName = Release;
		};
		BEE4F34022D4383E00879228 /* Build configuration list for PBXNativeTarget "AttackOnProjectUITests" */ = {
			isa = XCConfigurationList;
			buildConfigurations = (
				BEE4F34122D4383E00879228 /* Debug */,
				BEE4F34222D4383E00879228 /* Release */,
			);
			defaultConfigurationIsVisible = 0;
			defaultConfigurationName = Release;
		};
/* End XCConfigurationList section */
	};
	rootObject = BEE4F30422D4383C00879228 /* Project object */;
}
